// !$*UTF8*$!
{
	archiveVersion = 1;
	classes = {
	};
	objectVersion = 56;
	objects = {

/* Begin PBXBuildFile section */
		935F7AAB2B78EA0800A9AFCE /* HumanAdditionViewController.swift in Sources */ = {isa = PBXBuildFile; fileRef = 935F7AAA2B78EA0800A9AFCE /* HumanAdditionViewController.swift */; };
		93BE58682B767AB70019AFEF /* UIFont+Extension.swift in Sources */ = {isa = PBXBuildFile; fileRef = 93BE58672B767AB70019AFEF /* UIFont+Extension.swift */; };
		93BE586F2B76C28F0019AFEF /* BirthdayListViewController.swift in Sources */ = {isa = PBXBuildFile; fileRef = 93BE586E2B76C28F0019AFEF /* BirthdayListViewController.swift */; };
		93DDD1652B71134500D2D339 /* AppDelegate.swift in Sources */ = {isa = PBXBuildFile; fileRef = 93DDD1642B71134500D2D339 /* AppDelegate.swift */; };
		93DDD1672B71134500D2D339 /* SceneDelegate.swift in Sources */ = {isa = PBXBuildFile; fileRef = 93DDD1662B71134500D2D339 /* SceneDelegate.swift */; };
		93DDD1692B71134500D2D339 /* RegistrationViewController.swift in Sources */ = {isa = PBXBuildFile; fileRef = 93DDD1682B71134500D2D339 /* RegistrationViewController.swift */; };
		93DDD16C2B71134500D2D339 /* Main.storyboard in Resources */ = {isa = PBXBuildFile; fileRef = 93DDD16A2B71134500D2D339 /* Main.storyboard */; };
		93DDD16E2B71134600D2D339 /* Assets.xcassets in Resources */ = {isa = PBXBuildFile; fileRef = 93DDD16D2B71134600D2D339 /* Assets.xcassets */; };
		93DDD1712B71134600D2D339 /* LaunchScreen.storyboard in Resources */ = {isa = PBXBuildFile; fileRef = 93DDD16F2B71134600D2D339 /* LaunchScreen.storyboard */; };
/* End PBXBuildFile section */

/* Begin PBXFileReference section */
		935F7AAA2B78EA0800A9AFCE /* HumanAdditionViewController.swift */ = {isa = PBXFileReference; lastKnownFileType = sourcecode.swift; path = HumanAdditionViewController.swift; sourceTree = "<group>"; };
		93BE58672B767AB70019AFEF /* UIFont+Extension.swift */ = {isa = PBXFileReference; lastKnownFileType = sourcecode.swift; path = "UIFont+Extension.swift"; sourceTree = "<group>"; };
		93BE586A2B7683680019AFEF /* Verdana.ttf */ = {isa = PBXFileReference; lastKnownFileType = file; path = Verdana.ttf; sourceTree = "<group>"; };
		93BE586B2B7683680019AFEF /* Verdana-Italic.ttf */ = {isa = PBXFileReference; lastKnownFileType = file; path = "Verdana-Italic.ttf"; sourceTree = "<group>"; };
		93BE586C2B7683680019AFEF /* Verdana-Bold.ttf */ = {isa = PBXFileReference; lastKnownFileType = file; path = "Verdana-Bold.ttf"; sourceTree = "<group>"; };
		93BE586D2B7683680019AFEF /* Verdana-BoldItalic.ttf */ = {isa = PBXFileReference; lastKnownFileType = file; path = "Verdana-BoldItalic.ttf"; sourceTree = "<group>"; };
		93BE586E2B76C28F0019AFEF /* BirthdayListViewController.swift */ = {isa = PBXFileReference; lastKnownFileType = sourcecode.swift; path = BirthdayListViewController.swift; sourceTree = "<group>"; };
		93DDD1612B71134500D2D339 /* UlKit.app */ = {isa = PBXFileReference; explicitFileType = wrapper.application; includeInIndex = 0; path = UlKit.app; sourceTree = BUILT_PRODUCTS_DIR; };
		93DDD1642B71134500D2D339 /* AppDelegate.swift */ = {isa = PBXFileReference; lastKnownFileType = sourcecode.swift; path = AppDelegate.swift; sourceTree = "<group>"; };
		93DDD1662B71134500D2D339 /* SceneDelegate.swift */ = {isa = PBXFileReference; lastKnownFileType = sourcecode.swift; path = SceneDelegate.swift; sourceTree = "<group>"; };
		93DDD1682B71134500D2D339 /* RegistrationViewController.swift */ = {isa = PBXFileReference; lastKnownFileType = sourcecode.swift; path = RegistrationViewController.swift; sourceTree = "<group>"; };
		93DDD16B2B71134500D2D339 /* Base */ = {isa = PBXFileReference; lastKnownFileType = file.storyboard; name = Base; path = Base.lproj/Main.storyboard; sourceTree = "<group>"; };
		93DDD16D2B71134600D2D339 /* Assets.xcassets */ = {isa = PBXFileReference; lastKnownFileType = folder.assetcatalog; path = Assets.xcassets; sourceTree = "<group>"; };
		93DDD1702B71134600D2D339 /* Base */ = {isa = PBXFileReference; lastKnownFileType = file.storyboard; name = Base; path = Base.lproj/LaunchScreen.storyboard; sourceTree = "<group>"; };
		93DDD1722B71134600D2D339 /* Info.plist */ = {isa = PBXFileReference; lastKnownFileType = text.plist.xml; path = Info.plist; sourceTree = "<group>"; };
/* End PBXFileReference section */

/* Begin PBXFrameworksBuildPhase section */
		93DDD15E2B71134500D2D339 /* Frameworks */ = {
			isa = PBXFrameworksBuildPhase;
			buildActionMask = 2147483647;
			files = (
			);
			runOnlyForDeploymentPostprocessing = 0;
		};
/* End PBXFrameworksBuildPhase section */

/* Begin PBXGroup section */
		93BE58662B767A850019AFEF /* Extension */ = {
			isa = PBXGroup;
			children = (
				93BE58672B767AB70019AFEF /* UIFont+Extension.swift */,
			);
			path = Extension;
			sourceTree = "<group>";
		};
		93BE58692B7683020019AFEF /* Fonts */ = {
			isa = PBXGroup;
			children = (
				93BE586C2B7683680019AFEF /* Verdana-Bold.ttf */,
				93BE586D2B7683680019AFEF /* Verdana-BoldItalic.ttf */,
				93BE586B2B7683680019AFEF /* Verdana-Italic.ttf */,
				93BE586A2B7683680019AFEF /* Verdana.ttf */,
			);
			path = Fonts;
			sourceTree = "<group>";
		};
		93DDD1582B71134500D2D339 = {
			isa = PBXGroup;
			children = (
				93DDD1632B71134500D2D339 /* UlKit */,
				93DDD1622B71134500D2D339 /* Products */,
			);
			sourceTree = "<group>";
		};
		93DDD1622B71134500D2D339 /* Products */ = {
			isa = PBXGroup;
			children = (
				93DDD1612B71134500D2D339 /* UlKit.app */,
			);
			name = Products;
			sourceTree = "<group>";
		};
		93DDD1632B71134500D2D339 /* UlKit */ = {
			isa = PBXGroup;
			children = (
				93DDD1642B71134500D2D339 /* AppDelegate.swift */,
				93DDD1662B71134500D2D339 /* SceneDelegate.swift */,
				93DDD1682B71134500D2D339 /* RegistrationViewController.swift */,
				93BE586E2B76C28F0019AFEF /* BirthdayListViewController.swift */,
				935F7AAA2B78EA0800A9AFCE /* HumanAdditionViewController.swift */,
				93BE58662B767A850019AFEF /* Extension */,
				93BE58692B7683020019AFEF /* Fonts */,
				93DDD16A2B71134500D2D339 /* Main.storyboard */,
				93DDD16D2B71134600D2D339 /* Assets.xcassets */,
				93DDD16F2B71134600D2D339 /* LaunchScreen.storyboard */,
				93DDD1722B71134600D2D339 /* Info.plist */,
			);
			path = UlKit;
			sourceTree = "<group>";
		};
/* End PBXGroup section */

/* Begin PBXNativeTarget section */
		93DDD1602B71134500D2D339 /* UlKit */ = {
			isa = PBXNativeTarget;
			buildConfigurationList = 93DDD1752B71134600D2D339 /* Build configuration list for PBXNativeTarget "UlKit" */;
			buildPhases = (
				93F0BE9D2B716756002BE66B /* Swift Lint */,
				93DDD15D2B71134500D2D339 /* Sources */,
				93DDD15E2B71134500D2D339 /* Frameworks */,
				93DDD15F2B71134500D2D339 /* Resources */,
				93F0BE9E2B7170B5002BE66B /* Swift Format */,
			);
			buildRules = (
			);
			dependencies = (
			);
			name = UlKit;
			productName = UlKit;
			productReference = 93DDD1612B71134500D2D339 /* UlKit.app */;
			productType = "com.apple.product-type.application";
		};
/* End PBXNativeTarget section */

/* Begin PBXProject section */
		93DDD1592B71134500D2D339 /* Project object */ = {
			isa = PBXProject;
			attributes = {
				BuildIndependentTargetsInParallel = 1;
				LastSwiftUpdateCheck = 1520;
				LastUpgradeCheck = 1520;
				TargetAttributes = {
					93DDD1602B71134500D2D339 = {
						CreatedOnToolsVersion = 15.2;
					};
				};
			};
			buildConfigurationList = 93DDD15C2B71134500D2D339 /* Build configuration list for PBXProject "UlKit" */;
			compatibilityVersion = "Xcode 14.0";
			developmentRegion = en;
			hasScannedForEncodings = 0;
			knownRegions = (
				en,
				Base,
			);
			mainGroup = 93DDD1582B71134500D2D339;
			productRefGroup = 93DDD1622B71134500D2D339 /* Products */;
			projectDirPath = "";
			projectRoot = "";
			targets = (
				93DDD1602B71134500D2D339 /* UlKit */,
			);
		};
/* End PBXProject section */

/* Begin PBXResourcesBuildPhase section */
		93DDD15F2B71134500D2D339 /* Resources */ = {
			isa = PBXResourcesBuildPhase;
			buildActionMask = 2147483647;
			files = (
				93DDD1712B71134600D2D339 /* LaunchScreen.storyboard in Resources */,
				93DDD16E2B71134600D2D339 /* Assets.xcassets in Resources */,
				93DDD16C2B71134500D2D339 /* Main.storyboard in Resources */,
			);
			runOnlyForDeploymentPostprocessing = 0;
		};
/* End PBXResourcesBuildPhase section */

/* Begin PBXShellScriptBuildPhase section */
		93F0BE9D2B716756002BE66B /* Swift Lint */ = {
			isa = PBXShellScriptBuildPhase;
			alwaysOutOfDate = 1;
			buildActionMask = 2147483647;
			files = (
			);
			inputFileListPaths = (
			);
			inputPaths = (
			);
			name = "Swift Lint";
			outputFileListPaths = (
			);
			outputPaths = (
			);
			runOnlyForDeploymentPostprocessing = 0;
			shellPath = /bin/sh;
			shellScript = "# Type a script or drag a script file from your workspace to insert its path.\nif [[ \"$(uname -m)\" == arm64 ]]; then\n    export PATH=\"/opt/homebrew/bin:$PATH\"\nfi\n\nif which swiftlint > /dev/null; then\n  swiftlint\nelse\n  echo \"warning: SwiftLint not installed, download from https://github.com/realm/SwiftLint\"\nfi\n";
		};
		93F0BE9E2B7170B5002BE66B /* Swift Format */ = {
			isa = PBXShellScriptBuildPhase;
			alwaysOutOfDate = 1;
			buildActionMask = 2147483647;
			files = (
			);
			inputFileListPaths = (
			);
			inputPaths = (
			);
			name = "Swift Format";
			outputFileListPaths = (
			);
			outputPaths = (
			);
			runOnlyForDeploymentPostprocessing = 0;
			shellPath = /bin/sh;
			shellScript = "# Type a script or drag a script file from your workspace to insert its path.\nif [[ \"$(uname -m)\" == arm64 ]]; then\n    export PATH=\"/opt/homebrew/bin:$PATH\"\nfi\n\nif which swiftformat >/dev/null; then\n  swiftformat .\nelse\n  echo \"warning: SwiftFormat not installed, download from https://github.com/nicklockwood/SwiftFormat\"\nfi\n";
		};
/* End PBXShellScriptBuildPhase section */

/* Begin PBXSourcesBuildPhase section */
		93DDD15D2B71134500D2D339 /* Sources */ = {
			isa = PBXSourcesBuildPhase;
			buildActionMask = 2147483647;
			files = (
				935F7AAB2B78EA0800A9AFCE /* HumanAdditionViewController.swift in Sources */,
				93DDD1692B71134500D2D339 /* RegistrationViewController.swift in Sources */,
				93DDD1652B71134500D2D339 /* AppDelegate.swift in Sources */,
				93BE58682B767AB70019AFEF /* UIFont+Extension.swift in Sources */,
				93BE586F2B76C28F0019AFEF /* BirthdayListViewController.swift in Sources */,
				93DDD1672B71134500D2D339 /* SceneDelegate.swift in Sources */,
			);
			runOnlyForDeploymentPostprocessing = 0;
		};
/* End PBXSourcesBuildPhase section */

/* Begin PBXVariantGroup section */
		93DDD16A2B71134500D2D339 /* Main.storyboard */ = {
			isa = PBXVariantGroup;
			children = (
				93DDD16B2B71134500D2D339 /* Base */,
			);
			name = Main.storyboard;
			sourceTree = "<group>";
		};
		93DDD16F2B71134600D2D339 /* LaunchScreen.storyboard */ = {
			isa = PBXVariantGroup;
			children = (
				93DDD1702B71134600D2D339 /* Base */,
			);
			name = LaunchScreen.storyboard;
			sourceTree = "<group>";
		};
/* End PBXVariantGroup section */

/* Begin XCBuildConfiguration section */
		93DDD1732B71134600D2D339 /* Debug */ = {
			isa = XCBuildConfiguration;
			buildSettings = {
				ALWAYS_SEARCH_USER_PATHS = NO;
				ASSETCATALOG_COMPILER_GENERATE_SWIFT_ASSET_SYMBOL_EXTENSIONS = YES;
				CLANG_ANALYZER_NONNULL = YES;
				CLANG_ANALYZER_NUMBER_OBJECT_CONVERSION = YES_AGGRESSIVE;
				CLANG_CXX_LANGUAGE_STANDARD = "gnu++20";
				CLANG_ENABLE_MODULES = YES;
				CLANG_ENABLE_OBJC_ARC = YES;
				CLANG_ENABLE_OBJC_WEAK = YES;
				CLANG_WARN_BLOCK_CAPTURE_AUTORELEASING = YES;
				CLANG_WARN_BOOL_CONVERSION = YES;
				CLANG_WARN_COMMA = YES;
				CLANG_WARN_CONSTANT_CONVERSION = YES;
				CLANG_WARN_DEPRECATED_OBJC_IMPLEMENTATIONS = YES;
				CLANG_WARN_DIRECT_OBJC_ISA_USAGE = YES_ERROR;
				CLANG_WARN_DOCUMENTATION_COMMENTS = YES;
				CLANG_WARN_EMPTY_BODY = YES;
				CLANG_WARN_ENUM_CONVERSION = YES;
				CLANG_WARN_INFINITE_RECURSION = YES;
				CLANG_WARN_INT_CONVERSION = YES;
				CLANG_WARN_NON_LITERAL_NULL_CONVERSION = YES;
				CLANG_WARN_OBJC_IMPLICIT_RETAIN_SELF = YES;
				CLANG_WARN_OBJC_LITERAL_CONVERSION = YES;
				CLANG_WARN_OBJC_ROOT_CLASS = YES_ERROR;
				CLANG_WARN_QUOTED_INCLUDE_IN_FRAMEWORK_HEADER = YES;
				CLANG_WARN_RANGE_LOOP_ANALYSIS = YES;
				CLANG_WARN_STRICT_PROTOTYPES = YES;
				CLANG_WARN_SUSPICIOUS_MOVE = YES;
				CLANG_WARN_UNGUARDED_AVAILABILITY = YES_AGGRESSIVE;
				CLANG_WARN_UNREACHABLE_CODE = YES;
				CLANG_WARN__DUPLICATE_METHOD_MATCH = YES;
				COPY_PHASE_STRIP = NO;
				DEBUG_INFORMATION_FORMAT = dwarf;
				ENABLE_STRICT_OBJC_MSGSEND = YES;
				ENABLE_TESTABILITY = YES;
				ENABLE_USER_SCRIPT_SANDBOXING = YES;
				GCC_C_LANGUAGE_STANDARD = gnu17;
				GCC_DYNAMIC_NO_PIC = NO;
				GCC_NO_COMMON_BLOCKS = YES;
				GCC_OPTIMIZATION_LEVEL = 0;
				GCC_PREPROCESSOR_DEFINITIONS = (
					"DEBUG=1",
					"$(inherited)",
				);
				GCC_WARN_64_TO_32_BIT_CONVERSION = YES;
				GCC_WARN_ABOUT_RETURN_TYPE = YES_ERROR;
				GCC_WARN_UNDECLARED_SELECTOR = YES;
				GCC_WARN_UNINITIALIZED_AUTOS = YES_AGGRESSIVE;
				GCC_WARN_UNUSED_FUNCTION = YES;
				GCC_WARN_UNUSED_VARIABLE = YES;
				IPHONEOS_DEPLOYMENT_TARGET = 17.2;
				LOCALIZATION_PREFERS_STRING_CATALOGS = YES;
				MTL_ENABLE_DEBUG_INFO = INCLUDE_SOURCE;
				MTL_FAST_MATH = YES;
				ONLY_ACTIVE_ARCH = YES;
				SDKROOT = iphoneos;
				SWIFT_ACTIVE_COMPILATION_CONDITIONS = "DEBUG $(inherited)";
				SWIFT_OPTIMIZATION_LEVEL = "-Onone";
			};
			name = Debug;
		};
		93DDD1742B71134600D2D339 /* Release */ = {
			isa = XCBuildConfiguration;
			buildSettings = {
				ALWAYS_SEARCH_USER_PATHS = NO;
				ASSETCATALOG_COMPILER_GENERATE_SWIFT_ASSET_SYMBOL_EXTENSIONS = YES;
				CLANG_ANALYZER_NONNULL = YES;
				CLANG_ANALYZER_NUMBER_OBJECT_CONVERSION = YES_AGGRESSIVE;
				CLANG_CXX_LANGUAGE_STANDARD = "gnu++20";
				CLANG_ENABLE_MODULES = YES;
				CLANG_ENABLE_OBJC_ARC = YES;
				CLANG_ENABLE_OBJC_WEAK = YES;
				CLANG_WARN_BLOCK_CAPTURE_AUTORELEASING = YES;
				CLANG_WARN_BOOL_CONVERSION = YES;
				CLANG_WARN_COMMA = YES;
				CLANG_WARN_CONSTANT_CONVERSION = YES;
				CLANG_WARN_DEPRECATED_OBJC_IMPLEMENTATIONS = YES;
				CLANG_WARN_DIRECT_OBJC_ISA_USAGE = YES_ERROR;
				CLANG_WARN_DOCUMENTATION_COMMENTS = YES;
				CLANG_WARN_EMPTY_BODY = YES;
				CLANG_WARN_ENUM_CONVERSION = YES;
				CLANG_WARN_INFINITE_RECURSION = YES;
				CLANG_WARN_INT_CONVERSION = YES;
				CLANG_WARN_NON_LITERAL_NULL_CONVERSION = YES;
				CLANG_WARN_OBJC_IMPLICIT_RETAIN_SELF = YES;
				CLANG_WARN_OBJC_LITERAL_CONVERSION = YES;
				CLANG_WARN_OBJC_ROOT_CLASS = YES_ERROR;
				CLANG_WARN_QUOTED_INCLUDE_IN_FRAMEWORK_HEADER = YES;
				CLANG_WARN_RANGE_LOOP_ANALYSIS = YES;
				CLANG_WARN_STRICT_PROTOTYPES = YES;
				CLANG_WARN_SUSPICIOUS_MOVE = YES;
				CLANG_WARN_UNGUARDED_AVAILABILITY = YES_AGGRESSIVE;
				CLANG_WARN_UNREACHABLE_CODE = YES;
				CLANG_WARN__DUPLICATE_METHOD_MATCH = YES;
				COPY_PHASE_STRIP = NO;
				DEBUG_INFORMATION_FORMAT = "dwarf-with-dsym";
				ENABLE_NS_ASSERTIONS = NO;
				ENABLE_STRICT_OBJC_MSGSEND = YES;
				ENABLE_USER_SCRIPT_SANDBOXING = YES;
				GCC_C_LANGUAGE_STANDARD = gnu17;
				GCC_NO_COMMON_BLOCKS = YES;
				GCC_WARN_64_TO_32_BIT_CONVERSION = YES;
				GCC_WARN_ABOUT_RETURN_TYPE = YES_ERROR;
				GCC_WARN_UNDECLARED_SELECTOR = YES;
				GCC_WARN_UNINITIALIZED_AUTOS = YES_AGGRESSIVE;
				GCC_WARN_UNUSED_FUNCTION = YES;
				GCC_WARN_UNUSED_VARIABLE = YES;
				IPHONEOS_DEPLOYMENT_TARGET = 17.2;
				LOCALIZATION_PREFERS_STRING_CATALOGS = YES;
				MTL_ENABLE_DEBUG_INFO = NO;
				MTL_FAST_MATH = YES;
				SDKROOT = iphoneos;
				SWIFT_COMPILATION_MODE = wholemodule;
				VALIDATE_PRODUCT = YES;
			};
			name = Release;
		};
		93DDD1762B71134600D2D339 /* Debug */ = {
			isa = XCBuildConfiguration;
			buildSettings = {
				ASSETCATALOG_COMPILER_APPICON_NAME = AppIcon;
				ASSETCATALOG_COMPILER_GLOBAL_ACCENT_COLOR_NAME = AccentColor;
				CODE_SIGN_STYLE = Automatic;
				CURRENT_PROJECT_VERSION = 1;
				ENABLE_USER_SCRIPT_SANDBOXING = NO;
				GENERATE_INFOPLIST_FILE = YES;
				INFOPLIST_FILE = UlKit/Info.plist;
				INFOPLIST_KEY_UIApplicationSupportsIndirectInputEvents = YES;
				INFOPLIST_KEY_UILaunchStoryboardName = LaunchScreen;
				INFOPLIST_KEY_UIMainStoryboardFile = Main;
				INFOPLIST_KEY_UISupportedInterfaceOrientations_iPad = "UIInterfaceOrientationPortrait UIInterfaceOrientationPortraitUpsideDown UIInterfaceOrientationLandscapeLeft UIInterfaceOrientationLandscapeRight";
				INFOPLIST_KEY_UISupportedInterfaceOrientations_iPhone = "UIInterfaceOrientationPortrait UIInterfaceOrientationLandscapeLeft UIInterfaceOrientationLandscapeRight";
				LD_RUNPATH_SEARCH_PATHS = (
					"$(inherited)",
					"@executable_path/Frameworks",
				);
				MARKETING_VERSION = 1.0;
				PRODUCT_BUNDLE_IDENTIFIER = Yevgen.UlKit;
				PRODUCT_NAME = "$(TARGET_NAME)";
				SWIFT_EMIT_LOC_STRINGS = YES;
				SWIFT_VERSION = 5.0;
				TARGETED_DEVICE_FAMILY = "1,2";
			};
			name = Debug;
		};
		93DDD1772B71134600D2D339 /* Release */ = {
			isa = XCBuildConfiguration;
			buildSettings = {
				ASSETCATALOG_COMPILER_APPICON_NAME = AppIcon;
				ASSETCATALOG_COMPILER_GLOBAL_ACCENT_COLOR_NAME = AccentColor;
				CODE_SIGN_STYLE = Automatic;
				CURRENT_PROJECT_VERSION = 1;
				ENABLE_USER_SCRIPT_SANDBOXING = NO;
				GENERATE_INFOPLIST_FILE = YES;
				INFOPLIST_FILE = UlKit/Info.plist;
				INFOPLIST_KEY_UIApplicationSupportsIndirectInputEvents = YES;
				INFOPLIST_KEY_UILaunchStoryboardName = LaunchScreen;
				INFOPLIST_KEY_UIMainStoryboardFile = Main;
				INFOPLIST_KEY_UISupportedInterfaceOrientations_iPad = "UIInterfaceOrientationPortrait UIInterfaceOrientationPortraitUpsideDown UIInterfaceOrientationLandscapeLeft UIInterfaceOrientationLandscapeRight";
				INFOPLIST_KEY_UISupportedInterfaceOrientations_iPhone = "UIInterfaceOrientationPortrait UIInterfaceOrientationLandscapeLeft UIInterfaceOrientationLandscapeRight";
				LD_RUNPATH_SEARCH_PATHS = (
					"$(inherited)",
					"@executable_path/Frameworks",
				);
				MARKETING_VERSION = 1.0;
				PRODUCT_BUNDLE_IDENTIFIER = Yevgen.UlKit;
				PRODUCT_NAME = "$(TARGET_NAME)";
				SWIFT_EMIT_LOC_STRINGS = YES;
				SWIFT_VERSION = 5.0;
				TARGETED_DEVICE_FAMILY = "1,2";
			};
			name = Release;
		};
/* End XCBuildConfiguration section */

/* Begin XCConfigurationList section */
		93DDD15C2B71134500D2D339 /* Build configuration list for PBXProject "UlKit" */ = {
			isa = XCConfigurationList;
			buildConfigurations = (
				93DDD1732B71134600D2D339 /* Debug */,
				93DDD1742B71134600D2D339 /* Release */,
			);
			defaultConfigurationIsVisible = 0;
			defaultConfigurationName = Release;
		};
		93DDD1752B71134600D2D339 /* Build configuration list for PBXNativeTarget "UlKit" */ = {
			isa = XCConfigurationList;
			buildConfigurations = (
				93DDD1762B71134600D2D339 /* Debug */,
				93DDD1772B71134600D2D339 /* Release */,
			);
			defaultConfigurationIsVisible = 0;
			defaultConfigurationName = Release;
		};
/* End XCConfigurationList section */
	};
	rootObject = 93DDD1592B71134500D2D339 /* Project object */;
}
