// !$*UTF8*$!
{
	archiveVersion = 1;
	classes = {
	};
	objectVersion = 56;
	objects = {

/* Begin PBXBuildFile section */
		932D919A2B85236D0036C946 /* NotificationsPictureViewCell.swift in Sources */ = {isa = PBXBuildFile; fileRef = 932D91992B85236D0036C946 /* NotificationsPictureViewCell.swift */; };
		932D919C2B8542320036C946 /* NoticesCellSource.swift in Sources */ = {isa = PBXBuildFile; fileRef = 932D919B2B8542320036C946 /* NoticesCellSource.swift */; };
		932D919E2B8554C90036C946 /* NotificationsButtonViewCell.swift in Sources */ = {isa = PBXBuildFile; fileRef = 932D919D2B8554C90036C946 /* NotificationsButtonViewCell.swift */; };
		936862D92B8926B200937471 /* ProfileInformation.swift in Sources */ = {isa = PBXBuildFile; fileRef = 936862D82B8926B200937471 /* ProfileInformation.swift */; };
		937F1BD52B86250E005090E7 /* PictureCellSource.swift in Sources */ = {isa = PBXBuildFile; fileRef = 937F1BD42B86250E005090E7 /* PictureCellSource.swift */; };
		937F1BD72B8625C5005090E7 /* ButtonCellSource.swift in Sources */ = {isa = PBXBuildFile; fileRef = 937F1BD62B8625C5005090E7 /* ButtonCellSource.swift */; };
		9394816D2B875D32006D2373 /* ProfileHeaderViewCell.swift in Sources */ = {isa = PBXBuildFile; fileRef = 9394816C2B875D32006D2373 /* ProfileHeaderViewCell.swift */; };
		9394816F2B877A68006D2373 /* ProfileItemType.swift in Sources */ = {isa = PBXBuildFile; fileRef = 9394816E2B877A68006D2373 /* ProfileItemType.swift */; };
		939481762B877C77006D2373 /* ProfileFeedCellSource.swift in Sources */ = {isa = PBXBuildFile; fileRef = 939481752B877C77006D2373 /* ProfileFeedCellSource.swift */; };
		9394817B2B878C8B006D2373 /* ProfileFeedViewCell.swift in Sources */ = {isa = PBXBuildFile; fileRef = 9394817A2B878C8B006D2373 /* ProfileFeedViewCell.swift */; };
		9394817F2B880483006D2373 /* ProfileFeedCollectionCell.swift in Sources */ = {isa = PBXBuildFile; fileRef = 9394817E2B880483006D2373 /* ProfileFeedCollectionCell.swift */; };
		939481812B8812DD006D2373 /* PostStoriesCellSource.swift in Sources */ = {isa = PBXBuildFile; fileRef = 939481802B8812DD006D2373 /* PostStoriesCellSource.swift */; };
		939481832B8813B0006D2373 /* ProfileStoriesViewCell.swift in Sources */ = {isa = PBXBuildFile; fileRef = 939481822B8813B0006D2373 /* ProfileStoriesViewCell.swift */; };
		93B333AF2B838CFE003141C3 /* FeedStoriesViewCell.swift in Sources */ = {isa = PBXBuildFile; fileRef = 93B333AE2B838CFE003141C3 /* FeedStoriesViewCell.swift */; };
		93B333B22B839748003141C3 /* TabBarController.swift in Sources */ = {isa = PBXBuildFile; fileRef = 93B333B12B839748003141C3 /* TabBarController.swift */; };
		93B333B62B839B6E003141C3 /* NoticesViewController.swift in Sources */ = {isa = PBXBuildFile; fileRef = 93B333B52B839B6E003141C3 /* NoticesViewController.swift */; };
		93B333B92B839BFA003141C3 /* ProfileViewController.swift in Sources */ = {isa = PBXBuildFile; fileRef = 93B333B82B839BFA003141C3 /* ProfileViewController.swift */; };
		93B333BB2B83A373003141C3 /* FeedItemType.swift in Sources */ = {isa = PBXBuildFile; fileRef = 93B333BA2B83A373003141C3 /* FeedItemType.swift */; };
		93B333BD2B83A494003141C3 /* StoriesCellSource.swift in Sources */ = {isa = PBXBuildFile; fileRef = 93B333BC2B83A494003141C3 /* StoriesCellSource.swift */; };
		93B333BF2B83A5B2003141C3 /* PostCellSource.swift in Sources */ = {isa = PBXBuildFile; fileRef = 93B333BE2B83A5B2003141C3 /* PostCellSource.swift */; };
		93B333C12B83AAC4003141C3 /* RecommendationsCellSource.swift in Sources */ = {isa = PBXBuildFile; fileRef = 93B333C02B83AAC4003141C3 /* RecommendationsCellSource.swift */; };
		93B333C32B83B049003141C3 /* FeedPostsViewCell.swift in Sources */ = {isa = PBXBuildFile; fileRef = 93B333C22B83B049003141C3 /* FeedPostsViewCell.swift */; };
		93B333C52B83B0FE003141C3 /* FeedRecommendationsViewCell.swift in Sources */ = {isa = PBXBuildFile; fileRef = 93B333C42B83B0FE003141C3 /* FeedRecommendationsViewCell.swift */; };
		93DDD1652B71134500D2D339 /* AppDelegate.swift in Sources */ = {isa = PBXBuildFile; fileRef = 93DDD1642B71134500D2D339 /* AppDelegate.swift */; };
		93DDD1672B71134500D2D339 /* SceneDelegate.swift in Sources */ = {isa = PBXBuildFile; fileRef = 93DDD1662B71134500D2D339 /* SceneDelegate.swift */; };
		93DDD1692B71134500D2D339 /* FeedViewController.swift in Sources */ = {isa = PBXBuildFile; fileRef = 93DDD1682B71134500D2D339 /* FeedViewController.swift */; };
		93DDD16E2B71134600D2D339 /* Assets.xcassets in Resources */ = {isa = PBXBuildFile; fileRef = 93DDD16D2B71134600D2D339 /* Assets.xcassets */; };
		93DDD1712B71134600D2D339 /* LaunchScreen.storyboard in Resources */ = {isa = PBXBuildFile; fileRef = 93DDD16F2B71134600D2D339 /* LaunchScreen.storyboard */; };
/* End PBXBuildFile section */

/* Begin PBXFileReference section */
		932D91992B85236D0036C946 /* NotificationsPictureViewCell.swift */ = {isa = PBXFileReference; lastKnownFileType = sourcecode.swift; path = NotificationsPictureViewCell.swift; sourceTree = "<group>"; };
		932D919B2B8542320036C946 /* NoticesCellSource.swift */ = {isa = PBXFileReference; lastKnownFileType = sourcecode.swift; path = NoticesCellSource.swift; sourceTree = "<group>"; };
		932D919D2B8554C90036C946 /* NotificationsButtonViewCell.swift */ = {isa = PBXFileReference; lastKnownFileType = sourcecode.swift; path = NotificationsButtonViewCell.swift; sourceTree = "<group>"; };
		936862D82B8926B200937471 /* ProfileInformation.swift */ = {isa = PBXFileReference; lastKnownFileType = sourcecode.swift; path = ProfileInformation.swift; sourceTree = "<group>"; };
		937F1BD42B86250E005090E7 /* PictureCellSource.swift */ = {isa = PBXFileReference; lastKnownFileType = sourcecode.swift; path = PictureCellSource.swift; sourceTree = "<group>"; };
		937F1BD62B8625C5005090E7 /* ButtonCellSource.swift */ = {isa = PBXFileReference; lastKnownFileType = sourcecode.swift; path = ButtonCellSource.swift; sourceTree = "<group>"; };
		9394816C2B875D32006D2373 /* ProfileHeaderViewCell.swift */ = {isa = PBXFileReference; lastKnownFileType = sourcecode.swift; path = ProfileHeaderViewCell.swift; sourceTree = "<group>"; };
		9394816E2B877A68006D2373 /* ProfileItemType.swift */ = {isa = PBXFileReference; lastKnownFileType = sourcecode.swift; path = ProfileItemType.swift; sourceTree = "<group>"; };
		939481752B877C77006D2373 /* ProfileFeedCellSource.swift */ = {isa = PBXFileReference; lastKnownFileType = sourcecode.swift; path = ProfileFeedCellSource.swift; sourceTree = "<group>"; };
		9394817A2B878C8B006D2373 /* ProfileFeedViewCell.swift */ = {isa = PBXFileReference; lastKnownFileType = sourcecode.swift; path = ProfileFeedViewCell.swift; sourceTree = "<group>"; };
		9394817E2B880483006D2373 /* ProfileFeedCollectionCell.swift */ = {isa = PBXFileReference; lastKnownFileType = sourcecode.swift; path = ProfileFeedCollectionCell.swift; sourceTree = "<group>"; };
		939481802B8812DD006D2373 /* PostStoriesCellSource.swift */ = {isa = PBXFileReference; lastKnownFileType = sourcecode.swift; path = PostStoriesCellSource.swift; sourceTree = "<group>"; };
		939481822B8813B0006D2373 /* ProfileStoriesViewCell.swift */ = {isa = PBXFileReference; lastKnownFileType = sourcecode.swift; path = ProfileStoriesViewCell.swift; sourceTree = "<group>"; };
		93B333AE2B838CFE003141C3 /* FeedStoriesViewCell.swift */ = {isa = PBXFileReference; lastKnownFileType = sourcecode.swift; path = FeedStoriesViewCell.swift; sourceTree = "<group>"; };
		93B333B12B839748003141C3 /* TabBarController.swift */ = {isa = PBXFileReference; lastKnownFileType = sourcecode.swift; path = TabBarController.swift; sourceTree = "<group>"; };
		93B333B52B839B6E003141C3 /* NoticesViewController.swift */ = {isa = PBXFileReference; lastKnownFileType = sourcecode.swift; path = NoticesViewController.swift; sourceTree = "<group>"; };
		93B333B82B839BFA003141C3 /* ProfileViewController.swift */ = {isa = PBXFileReference; lastKnownFileType = sourcecode.swift; path = ProfileViewController.swift; sourceTree = "<group>"; };
		93B333BA2B83A373003141C3 /* FeedItemType.swift */ = {isa = PBXFileReference; lastKnownFileType = sourcecode.swift; path = FeedItemType.swift; sourceTree = "<group>"; };
		93B333BC2B83A494003141C3 /* StoriesCellSource.swift */ = {isa = PBXFileReference; lastKnownFileType = sourcecode.swift; path = StoriesCellSource.swift; sourceTree = "<group>"; };
		93B333BE2B83A5B2003141C3 /* PostCellSource.swift */ = {isa = PBXFileReference; lastKnownFileType = sourcecode.swift; path = PostCellSource.swift; sourceTree = "<group>"; };
		93B333C02B83AAC4003141C3 /* RecommendationsCellSource.swift */ = {isa = PBXFileReference; lastKnownFileType = sourcecode.swift; path = RecommendationsCellSource.swift; sourceTree = "<group>"; };
		93B333C22B83B049003141C3 /* FeedPostsViewCell.swift */ = {isa = PBXFileReference; lastKnownFileType = sourcecode.swift; path = FeedPostsViewCell.swift; sourceTree = "<group>"; };
		93B333C42B83B0FE003141C3 /* FeedRecommendationsViewCell.swift */ = {isa = PBXFileReference; lastKnownFileType = sourcecode.swift; path = FeedRecommendationsViewCell.swift; sourceTree = "<group>"; };
		93DDD1612B71134500D2D339 /* UlKit.app */ = {isa = PBXFileReference; explicitFileType = wrapper.application; includeInIndex = 0; path = UlKit.app; sourceTree = BUILT_PRODUCTS_DIR; };
		93DDD1642B71134500D2D339 /* AppDelegate.swift */ = {isa = PBXFileReference; lastKnownFileType = sourcecode.swift; path = AppDelegate.swift; sourceTree = "<group>"; };
		93DDD1662B71134500D2D339 /* SceneDelegate.swift */ = {isa = PBXFileReference; lastKnownFileType = sourcecode.swift; path = SceneDelegate.swift; sourceTree = "<group>"; };
		93DDD1682B71134500D2D339 /* FeedViewController.swift */ = {isa = PBXFileReference; lastKnownFileType = sourcecode.swift; path = FeedViewController.swift; sourceTree = "<group>"; };
		93DDD16D2B71134600D2D339 /* Assets.xcassets */ = {isa = PBXFileReference; lastKnownFileType = folder.assetcatalog; path = Assets.xcassets; sourceTree = "<group>"; };
		93DDD1702B71134600D2D339 /* Base */ = {isa = PBXFileReference; lastKnownFileType = file.storyboard; name = Base; path = Base.lproj/LaunchScreen.storyboard; sourceTree = "<group>"; };
		93DDD1722B71134600D2D339 /* Info.plist */ = {isa = PBXFileReference; lastKnownFileType = text.plist.xml; path = Info.plist; sourceTree = "<group>"; };
/* End PBXFileReference section */

/* Begin PBXFrameworksBuildPhase section */
		93DDD15E2B71134500D2D339 /* Frameworks */ = {
			isa = PBXFrameworksBuildPhase;
			buildActionMask = 2147483647;
			files = (
			);
			runOnlyForDeploymentPostprocessing = 0;
		};
/* End PBXFrameworksBuildPhase section */

/* Begin PBXGroup section */
		932D91962B8520B30036C946 /* Source */ = {
			isa = PBXGroup;
			children = (
				939481722B877B17006D2373 /* Feed */,
				939481732B877B4A006D2373 /* Notices */,
				939481742B877B7B006D2373 /* Profile */,
			);
			path = Source;
			sourceTree = "<group>";
		};
		932D91972B8520E40036C946 /* Controller */ = {
			isa = PBXGroup;
			children = (
				93DDD1682B71134500D2D339 /* FeedViewController.swift */,
			);
			path = Controller;
			sourceTree = "<group>";
		};
		932D91982B8520F10036C946 /* Cell */ = {
			isa = PBXGroup;
			children = (
				93B333AE2B838CFE003141C3 /* FeedStoriesViewCell.swift */,
				93B333C22B83B049003141C3 /* FeedPostsViewCell.swift */,
				93B333C42B83B0FE003141C3 /* FeedRecommendationsViewCell.swift */,
			);
			path = Cell;
			sourceTree = "<group>";
		};
		937F1BD22B85D708005090E7 /* Controller */ = {
			isa = PBXGroup;
			children = (
				93B333B52B839B6E003141C3 /* NoticesViewController.swift */,
			);
			path = Controller;
			sourceTree = "<group>";
		};
		937F1BD32B85D716005090E7 /* Cell */ = {
			isa = PBXGroup;
			children = (
				932D91992B85236D0036C946 /* NotificationsPictureViewCell.swift */,
				932D919D2B8554C90036C946 /* NotificationsButtonViewCell.swift */,
			);
			path = Cell;
			sourceTree = "<group>";
		};
		939481722B877B17006D2373 /* Feed */ = {
			isa = PBXGroup;
			children = (
				93B333BA2B83A373003141C3 /* FeedItemType.swift */,
				93B333BC2B83A494003141C3 /* StoriesCellSource.swift */,
				93B333BE2B83A5B2003141C3 /* PostCellSource.swift */,
				93B333C02B83AAC4003141C3 /* RecommendationsCellSource.swift */,
			);
			path = Feed;
			sourceTree = "<group>";
		};
		939481732B877B4A006D2373 /* Notices */ = {
			isa = PBXGroup;
			children = (
				932D919B2B8542320036C946 /* NoticesCellSource.swift */,
				937F1BD62B8625C5005090E7 /* ButtonCellSource.swift */,
				937F1BD42B86250E005090E7 /* PictureCellSource.swift */,
			);
			path = Notices;
			sourceTree = "<group>";
		};
		939481742B877B7B006D2373 /* Profile */ = {
			isa = PBXGroup;
			children = (
				9394816E2B877A68006D2373 /* ProfileItemType.swift */,
				939481752B877C77006D2373 /* ProfileFeedCellSource.swift */,
				939481802B8812DD006D2373 /* PostStoriesCellSource.swift */,
				936862D82B8926B200937471 /* ProfileInformation.swift */,
			);
			path = Profile;
			sourceTree = "<group>";
		};
		93B333B02B839718003141C3 /* TabBarController */ = {
			isa = PBXGroup;
			children = (
				93B333B12B839748003141C3 /* TabBarController.swift */,
			);
			path = TabBarController;
			sourceTree = "<group>";
		};
		93B333B32B839B25003141C3 /* Feed */ = {
			isa = PBXGroup;
			children = (
				932D91972B8520E40036C946 /* Controller */,
				932D91982B8520F10036C946 /* Cell */,
			);
			path = Feed;
			sourceTree = "<group>";
		};
		93B333B42B839B53003141C3 /* Notices */ = {
			isa = PBXGroup;
			children = (
				937F1BD22B85D708005090E7 /* Controller */,
				937F1BD32B85D716005090E7 /* Cell */,
			);
			path = Notices;
			sourceTree = "<group>";
		};
		93B333B72B839BE4003141C3 /* Profile */ = {
			isa = PBXGroup;
			children = (
				93B333B82B839BFA003141C3 /* ProfileViewController.swift */,
				9394816C2B875D32006D2373 /* ProfileHeaderViewCell.swift */,
				9394817A2B878C8B006D2373 /* ProfileFeedViewCell.swift */,
				939481822B8813B0006D2373 /* ProfileStoriesViewCell.swift */,
				9394817E2B880483006D2373 /* ProfileFeedCollectionCell.swift */,
			);
			path = Profile;
			sourceTree = "<group>";
		};
		93DDD1582B71134500D2D339 = {
			isa = PBXGroup;
			children = (
				93DDD1632B71134500D2D339 /* UlKit */,
				93DDD1622B71134500D2D339 /* Products */,
			);
			sourceTree = "<group>";
		};
		93DDD1622B71134500D2D339 /* Products */ = {
			isa = PBXGroup;
			children = (
				93DDD1612B71134500D2D339 /* UlKit.app */,
			);
			name = Products;
			sourceTree = "<group>";
		};
		93DDD1632B71134500D2D339 /* UlKit */ = {
			isa = PBXGroup;
			children = (
				93DDD1642B71134500D2D339 /* AppDelegate.swift */,
				93DDD1662B71134500D2D339 /* SceneDelegate.swift */,
				93B333B02B839718003141C3 /* TabBarController */,
				93B333B32B839B25003141C3 /* Feed */,
				93B333B42B839B53003141C3 /* Notices */,
				93B333B72B839BE4003141C3 /* Profile */,
				932D91962B8520B30036C946 /* Source */,
				93DDD16D2B71134600D2D339 /* Assets.xcassets */,
				93DDD16F2B71134600D2D339 /* LaunchScreen.storyboard */,
				93DDD1722B71134600D2D339 /* Info.plist */,
			);
			path = UlKit;
			sourceTree = "<group>";
		};
/* End PBXGroup section */

/* Begin PBXNativeTarget section */
		93DDD1602B71134500D2D339 /* UlKit */ = {
			isa = PBXNativeTarget;
			buildConfigurationList = 93DDD1752B71134600D2D339 /* Build configuration list for PBXNativeTarget "UlKit" */;
			buildPhases = (
				93F0BE9D2B716756002BE66B /* Swift Lint */,
				93DDD15D2B71134500D2D339 /* Sources */,
				93DDD15E2B71134500D2D339 /* Frameworks */,
				93DDD15F2B71134500D2D339 /* Resources */,
				93F0BE9E2B7170B5002BE66B /* Swift Format */,
			);
			buildRules = (
			);
			dependencies = (
			);
			name = UlKit;
			productName = UlKit;
			productReference = 93DDD1612B71134500D2D339 /* UlKit.app */;
			productType = "com.apple.product-type.application";
		};
/* End PBXNativeTarget section */

/* Begin PBXProject section */
		93DDD1592B71134500D2D339 /* Project object */ = {
			isa = PBXProject;
			attributes = {
				BuildIndependentTargetsInParallel = 1;
				LastSwiftUpdateCheck = 1520;
				LastUpgradeCheck = 1520;
				TargetAttributes = {
					93DDD1602B71134500D2D339 = {
						CreatedOnToolsVersion = 15.2;
					};
				};
			};
			buildConfigurationList = 93DDD15C2B71134500D2D339 /* Build configuration list for PBXProject "UlKit" */;
			compatibilityVersion = "Xcode 14.0";
			developmentRegion = en;
			hasScannedForEncodings = 0;
			knownRegions = (
				en,
				Base,
			);
			mainGroup = 93DDD1582B71134500D2D339;
			productRefGroup = 93DDD1622B71134500D2D339 /* Products */;
			projectDirPath = "";
			projectRoot = "";
			targets = (
				93DDD1602B71134500D2D339 /* UlKit */,
			);
		};
/* End PBXProject section */

/* Begin PBXResourcesBuildPhase section */
		93DDD15F2B71134500D2D339 /* Resources */ = {
			isa = PBXResourcesBuildPhase;
			buildActionMask = 2147483647;
			files = (
				93DDD1712B71134600D2D339 /* LaunchScreen.storyboard in Resources */,
				93DDD16E2B71134600D2D339 /* Assets.xcassets in Resources */,
			);
			runOnlyForDeploymentPostprocessing = 0;
		};
/* End PBXResourcesBuildPhase section */

/* Begin PBXShellScriptBuildPhase section */
		93F0BE9D2B716756002BE66B /* Swift Lint */ = {
			isa = PBXShellScriptBuildPhase;
			alwaysOutOfDate = 1;
			buildActionMask = 2147483647;
			files = (
			);
			inputFileListPaths = (
			);
			inputPaths = (
			);
			name = "Swift Lint";
			outputFileListPaths = (
			);
			outputPaths = (
			);
			runOnlyForDeploymentPostprocessing = 0;
			shellPath = /bin/sh;
			shellScript = "# Type a script or drag a script file from your workspace to insert its path.\nif [[ \"$(uname -m)\" == arm64 ]]; then\n    export PATH=\"/opt/homebrew/bin:$PATH\"\nfi\n\nif which swiftlint > /dev/null; then\n  swiftlint\nelse\n  echo \"warning: SwiftLint not installed, download from https://github.com/realm/SwiftLint\"\nfi\n";
		};
		93F0BE9E2B7170B5002BE66B /* Swift Format */ = {
			isa = PBXShellScriptBuildPhase;
			alwaysOutOfDate = 1;
			buildActionMask = 2147483647;
			files = (
			);
			inputFileListPaths = (
			);
			inputPaths = (
			);
			name = "Swift Format";
			outputFileListPaths = (
			);
			outputPaths = (
			);
			runOnlyForDeploymentPostprocessing = 0;
			shellPath = /bin/sh;
			shellScript = "# Type a script or drag a script file from your workspace to insert its path.\nif [[ \"$(uname -m)\" == arm64 ]]; then\n    export PATH=\"/opt/homebrew/bin:$PATH\"\nfi\n\nif which swiftformat >/dev/null; then\n  swiftformat .\nelse\n  echo \"warning: SwiftFormat not installed, download from https://github.com/nicklockwood/SwiftFormat\"\nfi\n";
		};
/* End PBXShellScriptBuildPhase section */

/* Begin PBXSourcesBuildPhase section */
		93DDD15D2B71134500D2D339 /* Sources */ = {
			isa = PBXSourcesBuildPhase;
			buildActionMask = 2147483647;
			files = (
				932D919C2B8542320036C946 /* NoticesCellSource.swift in Sources */,
				93DDD1692B71134500D2D339 /* FeedViewController.swift in Sources */,
				93B333BF2B83A5B2003141C3 /* PostCellSource.swift in Sources */,
				93B333BD2B83A494003141C3 /* StoriesCellSource.swift in Sources */,
				9394817B2B878C8B006D2373 /* ProfileFeedViewCell.swift in Sources */,
				93B333AF2B838CFE003141C3 /* FeedStoriesViewCell.swift in Sources */,
				93B333BB2B83A373003141C3 /* FeedItemType.swift in Sources */,
				93B333C12B83AAC4003141C3 /* RecommendationsCellSource.swift in Sources */,
				937F1BD72B8625C5005090E7 /* ButtonCellSource.swift in Sources */,
				932D919E2B8554C90036C946 /* NotificationsButtonViewCell.swift in Sources */,
				93B333C32B83B049003141C3 /* FeedPostsViewCell.swift in Sources */,
				939481832B8813B0006D2373 /* ProfileStoriesViewCell.swift in Sources */,
				936862D92B8926B200937471 /* ProfileInformation.swift in Sources */,
				9394816F2B877A68006D2373 /* ProfileItemType.swift in Sources */,
				93DDD1652B71134500D2D339 /* AppDelegate.swift in Sources */,
				93B333C52B83B0FE003141C3 /* FeedRecommendationsViewCell.swift in Sources */,
				93B333B22B839748003141C3 /* TabBarController.swift in Sources */,
				932D919A2B85236D0036C946 /* NotificationsPictureViewCell.swift in Sources */,
				9394817F2B880483006D2373 /* ProfileFeedCollectionCell.swift in Sources */,
				93B333B92B839BFA003141C3 /* ProfileViewController.swift in Sources */,
				93B333B62B839B6E003141C3 /* NoticesViewController.swift in Sources */,
				937F1BD52B86250E005090E7 /* PictureCellSource.swift in Sources */,
				9394816D2B875D32006D2373 /* ProfileHeaderViewCell.swift in Sources */,
				939481762B877C77006D2373 /* ProfileFeedCellSource.swift in Sources */,
				939481812B8812DD006D2373 /* PostStoriesCellSource.swift in Sources */,
				93DDD1672B71134500D2D339 /* SceneDelegate.swift in Sources */,
			);
			runOnlyForDeploymentPostprocessing = 0;
		};
/* End PBXSourcesBuildPhase section */

/* Begin PBXVariantGroup section */
		93DDD16F2B71134600D2D339 /* LaunchScreen.storyboard */ = {
			isa = PBXVariantGroup;
			children = (
				93DDD1702B71134600D2D339 /* Base */,
			);
			name = LaunchScreen.storyboard;
			sourceTree = "<group>";
		};
/* End PBXVariantGroup section */

/* Begin XCBuildConfiguration section */
		93DDD1732B71134600D2D339 /* Debug */ = {
			isa = XCBuildConfiguration;
			buildSettings = {
				ALWAYS_SEARCH_USER_PATHS = NO;
				ASSETCATALOG_COMPILER_GENERATE_SWIFT_ASSET_SYMBOL_EXTENSIONS = YES;
				CLANG_ANALYZER_NONNULL = YES;
				CLANG_ANALYZER_NUMBER_OBJECT_CONVERSION = YES_AGGRESSIVE;
				CLANG_CXX_LANGUAGE_STANDARD = "gnu++20";
				CLANG_ENABLE_MODULES = YES;
				CLANG_ENABLE_OBJC_ARC = YES;
				CLANG_ENABLE_OBJC_WEAK = YES;
				CLANG_WARN_BLOCK_CAPTURE_AUTORELEASING = YES;
				CLANG_WARN_BOOL_CONVERSION = YES;
				CLANG_WARN_COMMA = YES;
				CLANG_WARN_CONSTANT_CONVERSION = YES;
				CLANG_WARN_DEPRECATED_OBJC_IMPLEMENTATIONS = YES;
				CLANG_WARN_DIRECT_OBJC_ISA_USAGE = YES_ERROR;
				CLANG_WARN_DOCUMENTATION_COMMENTS = YES;
				CLANG_WARN_EMPTY_BODY = YES;
				CLANG_WARN_ENUM_CONVERSION = YES;
				CLANG_WARN_INFINITE_RECURSION = YES;
				CLANG_WARN_INT_CONVERSION = YES;
				CLANG_WARN_NON_LITERAL_NULL_CONVERSION = YES;
				CLANG_WARN_OBJC_IMPLICIT_RETAIN_SELF = YES;
				CLANG_WARN_OBJC_LITERAL_CONVERSION = YES;
				CLANG_WARN_OBJC_ROOT_CLASS = YES_ERROR;
				CLANG_WARN_QUOTED_INCLUDE_IN_FRAMEWORK_HEADER = YES;
				CLANG_WARN_RANGE_LOOP_ANALYSIS = YES;
				CLANG_WARN_STRICT_PROTOTYPES = YES;
				CLANG_WARN_SUSPICIOUS_MOVE = YES;
				CLANG_WARN_UNGUARDED_AVAILABILITY = YES_AGGRESSIVE;
				CLANG_WARN_UNREACHABLE_CODE = YES;
				CLANG_WARN__DUPLICATE_METHOD_MATCH = YES;
				COPY_PHASE_STRIP = NO;
				DEBUG_INFORMATION_FORMAT = dwarf;
				ENABLE_STRICT_OBJC_MSGSEND = YES;
				ENABLE_TESTABILITY = YES;
				ENABLE_USER_SCRIPT_SANDBOXING = YES;
				GCC_C_LANGUAGE_STANDARD = gnu17;
				GCC_DYNAMIC_NO_PIC = NO;
				GCC_NO_COMMON_BLOCKS = YES;
				GCC_OPTIMIZATION_LEVEL = 0;
				GCC_PREPROCESSOR_DEFINITIONS = (
					"DEBUG=1",
					"$(inherited)",
				);
				GCC_WARN_64_TO_32_BIT_CONVERSION = YES;
				GCC_WARN_ABOUT_RETURN_TYPE = YES_ERROR;
				GCC_WARN_UNDECLARED_SELECTOR = YES;
				GCC_WARN_UNINITIALIZED_AUTOS = YES_AGGRESSIVE;
				GCC_WARN_UNUSED_FUNCTION = YES;
				GCC_WARN_UNUSED_VARIABLE = YES;
				IPHONEOS_DEPLOYMENT_TARGET = 17.2;
				LOCALIZATION_PREFERS_STRING_CATALOGS = YES;
				MTL_ENABLE_DEBUG_INFO = INCLUDE_SOURCE;
				MTL_FAST_MATH = YES;
				ONLY_ACTIVE_ARCH = YES;
				SDKROOT = iphoneos;
				SWIFT_ACTIVE_COMPILATION_CONDITIONS = "DEBUG $(inherited)";
				SWIFT_OPTIMIZATION_LEVEL = "-Onone";
			};
			name = Debug;
		};
		93DDD1742B71134600D2D339 /* Release */ = {
			isa = XCBuildConfiguration;
			buildSettings = {
				ALWAYS_SEARCH_USER_PATHS = NO;
				ASSETCATALOG_COMPILER_GENERATE_SWIFT_ASSET_SYMBOL_EXTENSIONS = YES;
				CLANG_ANALYZER_NONNULL = YES;
				CLANG_ANALYZER_NUMBER_OBJECT_CONVERSION = YES_AGGRESSIVE;
				CLANG_CXX_LANGUAGE_STANDARD = "gnu++20";
				CLANG_ENABLE_MODULES = YES;
				CLANG_ENABLE_OBJC_ARC = YES;
				CLANG_ENABLE_OBJC_WEAK = YES;
				CLANG_WARN_BLOCK_CAPTURE_AUTORELEASING = YES;
				CLANG_WARN_BOOL_CONVERSION = YES;
				CLANG_WARN_COMMA = YES;
				CLANG_WARN_CONSTANT_CONVERSION = YES;
				CLANG_WARN_DEPRECATED_OBJC_IMPLEMENTATIONS = YES;
				CLANG_WARN_DIRECT_OBJC_ISA_USAGE = YES_ERROR;
				CLANG_WARN_DOCUMENTATION_COMMENTS = YES;
				CLANG_WARN_EMPTY_BODY = YES;
				CLANG_WARN_ENUM_CONVERSION = YES;
				CLANG_WARN_INFINITE_RECURSION = YES;
				CLANG_WARN_INT_CONVERSION = YES;
				CLANG_WARN_NON_LITERAL_NULL_CONVERSION = YES;
				CLANG_WARN_OBJC_IMPLICIT_RETAIN_SELF = YES;
				CLANG_WARN_OBJC_LITERAL_CONVERSION = YES;
				CLANG_WARN_OBJC_ROOT_CLASS = YES_ERROR;
				CLANG_WARN_QUOTED_INCLUDE_IN_FRAMEWORK_HEADER = YES;
				CLANG_WARN_RANGE_LOOP_ANALYSIS = YES;
				CLANG_WARN_STRICT_PROTOTYPES = YES;
				CLANG_WARN_SUSPICIOUS_MOVE = YES;
				CLANG_WARN_UNGUARDED_AVAILABILITY = YES_AGGRESSIVE;
				CLANG_WARN_UNREACHABLE_CODE = YES;
				CLANG_WARN__DUPLICATE_METHOD_MATCH = YES;
				COPY_PHASE_STRIP = NO;
				DEBUG_INFORMATION_FORMAT = "dwarf-with-dsym";
				ENABLE_NS_ASSERTIONS = NO;
				ENABLE_STRICT_OBJC_MSGSEND = YES;
				ENABLE_USER_SCRIPT_SANDBOXING = YES;
				GCC_C_LANGUAGE_STANDARD = gnu17;
				GCC_NO_COMMON_BLOCKS = YES;
				GCC_WARN_64_TO_32_BIT_CONVERSION = YES;
				GCC_WARN_ABOUT_RETURN_TYPE = YES_ERROR;
				GCC_WARN_UNDECLARED_SELECTOR = YES;
				GCC_WARN_UNINITIALIZED_AUTOS = YES_AGGRESSIVE;
				GCC_WARN_UNUSED_FUNCTION = YES;
				GCC_WARN_UNUSED_VARIABLE = YES;
				IPHONEOS_DEPLOYMENT_TARGET = 17.2;
				LOCALIZATION_PREFERS_STRING_CATALOGS = YES;
				MTL_ENABLE_DEBUG_INFO = NO;
				MTL_FAST_MATH = YES;
				SDKROOT = iphoneos;
				SWIFT_COMPILATION_MODE = wholemodule;
				VALIDATE_PRODUCT = YES;
			};
			name = Release;
		};
		93DDD1762B71134600D2D339 /* Debug */ = {
			isa = XCBuildConfiguration;
			buildSettings = {
				ASSETCATALOG_COMPILER_APPICON_NAME = AppIcon;
				ASSETCATALOG_COMPILER_GLOBAL_ACCENT_COLOR_NAME = AccentColor;
				CODE_SIGN_STYLE = Automatic;
				CURRENT_PROJECT_VERSION = 1;
				ENABLE_USER_SCRIPT_SANDBOXING = NO;
				GENERATE_INFOPLIST_FILE = YES;
				INFOPLIST_FILE = UlKit/Info.plist;
				INFOPLIST_KEY_UIApplicationSupportsIndirectInputEvents = YES;
				INFOPLIST_KEY_UILaunchStoryboardName = LaunchScreen;
				INFOPLIST_KEY_UISupportedInterfaceOrientations_iPad = "UIInterfaceOrientationPortrait UIInterfaceOrientationPortraitUpsideDown UIInterfaceOrientationLandscapeLeft UIInterfaceOrientationLandscapeRight";
				INFOPLIST_KEY_UISupportedInterfaceOrientations_iPhone = "UIInterfaceOrientationPortrait UIInterfaceOrientationLandscapeLeft UIInterfaceOrientationLandscapeRight";
				LD_RUNPATH_SEARCH_PATHS = (
					"$(inherited)",
					"@executable_path/Frameworks",
				);
				MARKETING_VERSION = 1.0;
				PRODUCT_BUNDLE_IDENTIFIER = Yevgen.UlKit;
				PRODUCT_NAME = "$(TARGET_NAME)";
				SWIFT_EMIT_LOC_STRINGS = YES;
				SWIFT_VERSION = 5.0;
				TARGETED_DEVICE_FAMILY = "1,2";
			};
			name = Debug;
		};
		93DDD1772B71134600D2D339 /* Release */ = {
			isa = XCBuildConfiguration;
			buildSettings = {
				ASSETCATALOG_COMPILER_APPICON_NAME = AppIcon;
				ASSETCATALOG_COMPILER_GLOBAL_ACCENT_COLOR_NAME = AccentColor;
				CODE_SIGN_STYLE = Automatic;
				CURRENT_PROJECT_VERSION = 1;
				ENABLE_USER_SCRIPT_SANDBOXING = NO;
				GENERATE_INFOPLIST_FILE = YES;
				INFOPLIST_FILE = UlKit/Info.plist;
				INFOPLIST_KEY_UIApplicationSupportsIndirectInputEvents = YES;
				INFOPLIST_KEY_UILaunchStoryboardName = LaunchScreen;
				INFOPLIST_KEY_UISupportedInterfaceOrientations_iPad = "UIInterfaceOrientationPortrait UIInterfaceOrientationPortraitUpsideDown UIInterfaceOrientationLandscapeLeft UIInterfaceOrientationLandscapeRight";
				INFOPLIST_KEY_UISupportedInterfaceOrientations_iPhone = "UIInterfaceOrientationPortrait UIInterfaceOrientationLandscapeLeft UIInterfaceOrientationLandscapeRight";
				LD_RUNPATH_SEARCH_PATHS = (
					"$(inherited)",
					"@executable_path/Frameworks",
				);
				MARKETING_VERSION = 1.0;
				PRODUCT_BUNDLE_IDENTIFIER = Yevgen.UlKit;
				PRODUCT_NAME = "$(TARGET_NAME)";
				SWIFT_EMIT_LOC_STRINGS = YES;
				SWIFT_VERSION = 5.0;
				TARGETED_DEVICE_FAMILY = "1,2";
			};
			name = Release;
		};
/* End XCBuildConfiguration section */

/* Begin XCConfigurationList section */
		93DDD15C2B71134500D2D339 /* Build configuration list for PBXProject "UlKit" */ = {
			isa = XCConfigurationList;
			buildConfigurations = (
				93DDD1732B71134600D2D339 /* Debug */,
				93DDD1742B71134600D2D339 /* Release */,
			);
			defaultConfigurationIsVisible = 0;
			defaultConfigurationName = Release;
		};
		93DDD1752B71134600D2D339 /* Build configuration list for PBXNativeTarget "UlKit" */ = {
			isa = XCConfigurationList;
			buildConfigurations = (
				93DDD1762B71134600D2D339 /* Debug */,
				93DDD1772B71134600D2D339 /* Release */,
			);
			defaultConfigurationIsVisible = 0;
			defaultConfigurationName = Release;
		};
/* End XCConfigurationList section */
	};
	rootObject = 93DDD1592B71134500D2D339 /* Project object */;
}
